
Microsoft Visual Studio Solution File, Format Version 12.00
# Visual Studio Version 17
VisualStudioVersion = 17.9.34728.123
MinimumVisualStudioVersion = 10.0.40219.1
Project("{FAE04EC0-301F-11D3-BF4B-00C04F79EFBC}") = "Shop.API", "Shop.API\Shop.API.csproj", "{54023800-CD04-452A-8A72-8F7E8B0C1C67}"
EndProject
Project("{FAE04EC0-301F-11D3-BF4B-00C04F79EFBC}") = "Shop.Models", "Shop.Models\Shop.Models.csproj", "{D2975250-E942-46B4-A9B8-7F50103502D6}"
EndProject
Project("{FAE04EC0-301F-11D3-BF4B-00C04F79EFBC}") = "Shop.WebApp", "Shop.WebApp\Shop.WebApp.csproj", "{78D2BCAD-9826-4723-9D13-8F9E727813C2}"
EndProject
Global
	GlobalSection(SolutionConfigurationPlatforms) = preSolution
		Debug|Any CPU = Debug|Any CPU
		Release|Any CPU = Release|Any CPU
	EndGlobalSection
	GlobalSection(ProjectConfigurationPlatforms) = postSolution
		{54023800-CD04-452A-8A72-8F7E8B0C1C67}.Debug|Any CPU.ActiveCfg = Debug|Any CPU
		{54023800-CD04-452A-8A72-8F7E8B0C1C67}.Debug|Any CPU.Build.0 = Debug|Any CPU
		{54023800-CD04-452A-8A72-8F7E8B0C1C67}.Release|Any CPU.ActiveCfg = Release|Any CPU
		{54023800-CD04-452A-8A72-8F7E8B0C1C67}.Release|Any CPU.Build.0 = Release|Any CPU
		{D2975250-E942-46B4-A9B8-7F50103502D6}.Debug|Any CPU.ActiveCfg = Debug|Any CPU
		{D2975250-E942-46B4-A9B8-7F50103502D6}.Debug|Any CPU.Build.0 = Debug|Any CPU
		{D2975250-E942-46B4-A9B8-7F50103502D6}.Release|Any CPU.ActiveCfg = Release|Any CPU
		{D2975250-E942-46B4-A9B8-7F50103502D6}.Release|Any CPU.Build.0 = Release|Any CPU
		{78D2BCAD-9826-4723-9D13-8F9E727813C2}.Debug|Any CPU.ActiveCfg = Debug|Any CPU
		{78D2BCAD-9826-4723-9D13-8F9E727813C2}.Debug|Any CPU.Build.0 = Debug|Any CPU
		{78D2BCAD-9826-4723-9D13-8F9E727813C2}.Release|Any CPU.ActiveCfg = Release|Any CPU
		{78D2BCAD-9826-4723-9D13-8F9E727813C2}.Release|Any CPU.Build.0 = Release|Any CPU
	EndGlobalSection
	GlobalSection(SolutionProperties) = preSolution
		HideSolutionNode = FALSE
	EndGlobalSection
	GlobalSection(ExtensibilityGlobals) = postSolution
		SolutionGuid = {23E844C8-38F5-4C59-B1BC-0F867B1DA50F}
	EndGlobalSection
EndGlobal
